// !$*UTF8*$!
{
	archiveVersion = 1;
	classes = {
	};
	objectVersion = 50;
	objects = {

/* Begin PBXBuildFile section */
		B6278E3F270D813B00D02513 /* ImageData.swift in Sources */ = {isa = PBXBuildFile; fileRef = B6278E3E270D813B00D02513 /* ImageData.swift */; };
		B6278E41270D815100D02513 /* UserData.swift in Sources */ = {isa = PBXBuildFile; fileRef = B6278E40270D815100D02513 /* UserData.swift */; };
		B66922C4270C47F600FB3FA4 /* TechImageApp.swift in Sources */ = {isa = PBXBuildFile; fileRef = B66922C3270C47F600FB3FA4 /* TechImageApp.swift */; };
		B66922C8270C47F700FB3FA4 /* Assets.xcassets in Resources */ = {isa = PBXBuildFile; fileRef = B66922C7270C47F700FB3FA4 /* Assets.xcassets */; };
		B66922CB270C47F700FB3FA4 /* Preview Assets.xcassets in Resources */ = {isa = PBXBuildFile; fileRef = B66922CA270C47F700FB3FA4 /* Preview Assets.xcassets */; };
		B66922D3270C875000FB3FA4 /* Album.swift in Sources */ = {isa = PBXBuildFile; fileRef = B66922D2270C875000FB3FA4 /* Album.swift */; };
		B66922D6270C89E700FB3FA4 /* AlbumView.swift in Sources */ = {isa = PBXBuildFile; fileRef = B66922D5270C89E700FB3FA4 /* AlbumView.swift */; };
/* End PBXBuildFile section */

/* Begin PBXFileReference section */
		B6278E3E270D813B00D02513 /* ImageData.swift */ = {isa = PBXFileReference; lastKnownFileType = sourcecode.swift; path = ImageData.swift; sourceTree = "<group>"; };
		B6278E40270D815100D02513 /* UserData.swift */ = {isa = PBXFileReference; lastKnownFileType = sourcecode.swift; path = UserData.swift; sourceTree = "<group>"; };
		B66922C0270C47F600FB3FA4 /* TechImage.app */ = {isa = PBXFileReference; explicitFileType = wrapper.application; includeInIndex = 0; path = TechImage.app; sourceTree = BUILT_PRODUCTS_DIR; };
		B66922C3270C47F600FB3FA4 /* TechImageApp.swift */ = {isa = PBXFileReference; lastKnownFileType = sourcecode.swift; path = TechImageApp.swift; sourceTree = "<group>"; };
		B66922C7270C47F700FB3FA4 /* Assets.xcassets */ = {isa = PBXFileReference; lastKnownFileType = folder.assetcatalog; path = Assets.xcassets; sourceTree = "<group>"; };
		B66922CA270C47F700FB3FA4 /* Preview Assets.xcassets */ = {isa = PBXFileReference; lastKnownFileType = folder.assetcatalog; path = "Preview Assets.xcassets"; sourceTree = "<group>"; };
		B66922CC270C47F700FB3FA4 /* Info.plist */ = {isa = PBXFileReference; lastKnownFileType = text.plist.xml; path = Info.plist; sourceTree = "<group>"; };
		B66922D2270C875000FB3FA4 /* Album.swift */ = {isa = PBXFileReference; lastKnownFileType = sourcecode.swift; path = Album.swift; sourceTree = "<group>"; };
		B66922D5270C89E700FB3FA4 /* AlbumView.swift */ = {isa = PBXFileReference; lastKnownFileType = sourcecode.swift; path = AlbumView.swift; sourceTree = "<group>"; };
/* End PBXFileReference section */

/* Begin PBXFrameworksBuildPhase section */
		B66922BD270C47F600FB3FA4 /* Frameworks */ = {
			isa = PBXFrameworksBuildPhase;
			buildActionMask = 2147483647;
			files = (
			);
			runOnlyForDeploymentPostprocessing = 0;
		};
/* End PBXFrameworksBuildPhase section */

/* Begin PBXGroup section */
		B6278E3D270D811D00D02513 /* Models */ = {
			isa = PBXGroup;
			children = (
				B6278E3E270D813B00D02513 /* ImageData.swift */,
				B6278E40270D815100D02513 /* UserData.swift */,
			);
			path = Models;
			sourceTree = "<group>";
		};
		B66922B7270C47F600FB3FA4 = {
			isa = PBXGroup;
			children = (
				B66922C2270C47F600FB3FA4 /* TechImage */,
				B66922C1270C47F600FB3FA4 /* Products */,
			);
			sourceTree = "<group>";
		};
		B66922C1270C47F600FB3FA4 /* Products */ = {
			isa = PBXGroup;
			children = (
				B66922C0270C47F600FB3FA4 /* TechImage.app */,
			);
			name = Products;
			sourceTree = "<group>";
		};
		B66922C2270C47F600FB3FA4 /* TechImage */ = {
			isa = PBXGroup;
			children = (
				B6278E3D270D811D00D02513 /* Models */,
				B66922D4270C89D200FB3FA4 /* Supporting Views */,
				B66922C3270C47F600FB3FA4 /* TechImageApp.swift */,
				B66922D2270C875000FB3FA4 /* Album.swift */,
				B66922C7270C47F700FB3FA4 /* Assets.xcassets */,
				B66922CC270C47F700FB3FA4 /* Info.plist */,
				B66922C9270C47F700FB3FA4 /* Preview Content */,
			);
			path = TechImage;
			sourceTree = "<group>";
		};
		B66922C9270C47F700FB3FA4 /* Preview Content */ = {
			isa = PBXGroup;
			children = (
				B66922CA270C47F700FB3FA4 /* Preview Assets.xcassets */,
			);
			path = "Preview Content";
			sourceTree = "<group>";
		};
		B66922D4270C89D200FB3FA4 /* Supporting Views */ = {
			isa = PBXGroup;
			children = (
				B66922D5270C89E700FB3FA4 /* AlbumView.swift */,
			);
			path = "Supporting Views";
			sourceTree = "<group>";
		};
/* End PBXGroup section */

/* Begin PBXNativeTarget section */
		B66922BF270C47F600FB3FA4 /* TechImage */ = {
			isa = PBXNativeTarget;
			buildConfigurationList = B66922CF270C47F700FB3FA4 /* Build configuration list for PBXNativeTarget "TechImage" */;
			buildPhases = (
				B66922BC270C47F600FB3FA4 /* Sources */,
				B66922BD270C47F600FB3FA4 /* Frameworks */,
				B66922BE270C47F600FB3FA4 /* Resources */,
			);
			buildRules = (
			);
			dependencies = (
			);
			name = TechImage;
			productName = TechImage;
			productReference = B66922C0270C47F600FB3FA4 /* TechImage.app */;
			productType = "com.apple.product-type.application";
		};
/* End PBXNativeTarget section */

/* Begin PBXProject section */
		B66922B8270C47F600FB3FA4 /* Project object */ = {
			isa = PBXProject;
			attributes = {
				LastSwiftUpdateCheck = 1250;
				LastUpgradeCheck = 1250;
				TargetAttributes = {
					B66922BF270C47F600FB3FA4 = {
						CreatedOnToolsVersion = 12.5.1;
					};
				};
			};
			buildConfigurationList = B66922BB270C47F600FB3FA4 /* Build configuration list for PBXProject "TechImage" */;
			compatibilityVersion = "Xcode 9.3";
			developmentRegion = en;
			hasScannedForEncodings = 0;
			knownRegions = (
				en,
				Base,
			);
			mainGroup = B66922B7270C47F600FB3FA4;
			productRefGroup = B66922C1270C47F600FB3FA4 /* Products */;
			projectDirPath = "";
			projectRoot = "";
			targets = (
				B66922BF270C47F600FB3FA4 /* TechImage */,
			);
		};
/* End PBXProject section */

/* Begin PBXResourcesBuildPhase section */
		B66922BE270C47F600FB3FA4 /* Resources */ = {
			isa = PBXResourcesBuildPhase;
			buildActionMask = 2147483647;
			files = (
				B66922CB270C47F700FB3FA4 /* Preview Assets.xcassets in Resources */,
				B66922C8270C47F700FB3FA4 /* Assets.xcassets in Resources */,
			);
			runOnlyForDeploymentPostprocessing = 0;
		};
/* End PBXResourcesBuildPhase section */

/* Begin PBXSourcesBuildPhase section */
		B66922BC270C47F600FB3FA4 /* Sources */ = {
			isa = PBXSourcesBuildPhase;
			buildActionMask = 2147483647;
			files = (
				B66922D6270C89E700FB3FA4 /* AlbumView.swift in Sources */,
				B66922C4270C47F600FB3FA4 /* TechImageApp.swift in Sources */,
				B66922D3270C875000FB3FA4 /* Album.swift in Sources */,
				B6278E41270D815100D02513 /* UserData.swift in Sources */,
				B6278E3F270D813B00D02513 /* ImageData.swift in Sources */,
			);
			runOnlyForDeploymentPostprocessing = 0;
		};
/* End PBXSourcesBuildPhase section */

/* Begin XCBuildConfiguration section */
		B66922CD270C47F700FB3FA4 /* Debug */ = {
			isa = XCBuildConfiguration;
			buildSettings = {
				ALWAYS_SEARCH_USER_PATHS = NO;
				CLANG_ANALYZER_NONNULL = YES;
				CLANG_ANALYZER_NUMBER_OBJECT_CONVERSION = YES_AGGRESSIVE;
				CLANG_CXX_LANGUAGE_STANDARD = "gnu++14";
				CLANG_CXX_LIBRARY = "libc++";
				CLANG_ENABLE_MODULES = YES;
				CLANG_ENABLE_OBJC_ARC = YES;
				CLANG_ENABLE_OBJC_WEAK = YES;
				CLANG_WARN_BLOCK_CAPTURE_AUTORELEASING = YES;
				CLANG_WARN_BOOL_CONVERSION = YES;
				CLANG_WARN_COMMA = YES;
				CLANG_WARN_CONSTANT_CONVERSION = YES;
				CLANG_WARN_DEPRECATED_OBJC_IMPLEMENTATIONS = YES;
				CLANG_WARN_DIRECT_OBJC_ISA_USAGE = YES_ERROR;
				CLANG_WARN_DOCUMENTATION_COMMENTS = YES;
				CLANG_WARN_EMPTY_BODY = YES;
				CLANG_WARN_ENUM_CONVERSION = YES;
				CLANG_WARN_INFINITE_RECURSION = YES;
				CLANG_WARN_INT_CONVERSION = YES;
				CLANG_WARN_NON_LITERAL_NULL_CONVERSION = YES;
				CLANG_WARN_OBJC_IMPLICIT_RETAIN_SELF = YES;
				CLANG_WARN_OBJC_LITERAL_CONVERSION = YES;
				CLANG_WARN_OBJC_ROOT_CLASS = YES_ERROR;
				CLANG_WARN_QUOTED_INCLUDE_IN_FRAMEWORK_HEADER = YES;
				CLANG_WARN_RANGE_LOOP_ANALYSIS = YES;
				CLANG_WARN_STRICT_PROTOTYPES = YES;
				CLANG_WARN_SUSPICIOUS_MOVE = YES;
				CLANG_WARN_UNGUARDED_AVAILABILITY = YES_AGGRESSIVE;
				CLANG_WARN_UNREACHABLE_CODE = YES;
				CLANG_WARN__DUPLICATE_METHOD_MATCH = YES;
				COPY_PHASE_STRIP = NO;
				DEBUG_INFORMATION_FORMAT = dwarf;
				ENABLE_STRICT_OBJC_MSGSEND = YES;
				ENABLE_TESTABILITY = YES;
				GCC_C_LANGUAGE_STANDARD = gnu11;
				GCC_DYNAMIC_NO_PIC = NO;
				GCC_NO_COMMON_BLOCKS = YES;
				GCC_OPTIMIZATION_LEVEL = 0;
				GCC_PREPROCESSOR_DEFINITIONS = (
					"DEBUG=1",
					"$(inherited)",
				);
				GCC_WARN_64_TO_32_BIT_CONVERSION = YES;
				GCC_WARN_ABOUT_RETURN_TYPE = YES_ERROR;
				GCC_WARN_UNDECLARED_SELECTOR = YES;
				GCC_WARN_UNINITIALIZED_AUTOS = YES_AGGRESSIVE;
				GCC_WARN_UNUSED_FUNCTION = YES;
				GCC_WARN_UNUSED_VARIABLE = YES;
				IPHONEOS_DEPLOYMENT_TARGET = 14.5;
				MTL_ENABLE_DEBUG_INFO = INCLUDE_SOURCE;
				MTL_FAST_MATH = YES;
				ONLY_ACTIVE_ARCH = YES;
				SDKROOT = iphoneos;
				SWIFT_ACTIVE_COMPILATION_CONDITIONS = DEBUG;
				SWIFT_OPTIMIZATION_LEVEL = "-Onone";
			};
			name = Debug;
		};
		B66922CE270C47F700FB3FA4 /* Release */ = {
			isa = XCBuildConfiguration;
			buildSettings = {
				ALWAYS_SEARCH_USER_PATHS = NO;
				CLANG_ANALYZER_NONNULL = YES;
				CLANG_ANALYZER_NUMBER_OBJECT_CONVERSION = YES_AGGRESSIVE;
				CLANG_CXX_LANGUAGE_STANDARD = "gnu++14";
				CLANG_CXX_LIBRARY = "libc++";
				CLANG_ENABLE_MODULES = YES;
				CLANG_ENABLE_OBJC_ARC = YES;
				CLANG_ENABLE_OBJC_WEAK = YES;
				CLANG_WARN_BLOCK_CAPTURE_AUTORELEASING = YES;
				CLANG_WARN_BOOL_CONVERSION = YES;
				CLANG_WARN_COMMA = YES;
				CLANG_WARN_CONSTANT_CONVERSION = YES;
				CLANG_WARN_DEPRECATED_OBJC_IMPLEMENTATIONS = YES;
				CLANG_WARN_DIRECT_OBJC_ISA_USAGE = YES_ERROR;
				CLANG_WARN_DOCUMENTATION_COMMENTS = YES;
				CLANG_WARN_EMPTY_BODY = YES;
				CLANG_WARN_ENUM_CONVERSION = YES;
				CLANG_WARN_INFINITE_RECURSION = YES;
				CLANG_WARN_INT_CONVERSION = YES;
				CLANG_WARN_NON_LITERAL_NULL_CONVERSION = YES;
				CLANG_WARN_OBJC_IMPLICIT_RETAIN_SELF = YES;
				CLANG_WARN_OBJC_LITERAL_CONVERSION = YES;
				CLANG_WARN_OBJC_ROOT_CLASS = YES_ERROR;
				CLANG_WARN_QUOTED_INCLUDE_IN_FRAMEWORK_HEADER = YES;
				CLANG_WARN_RANGE_LOOP_ANALYSIS = YES;
				CLANG_WARN_STRICT_PROTOTYPES = YES;
				CLANG_WARN_SUSPICIOUS_MOVE = YES;
				CLANG_WARN_UNGUARDED_AVAILABILITY = YES_AGGRESSIVE;
				CLANG_WARN_UNREACHABLE_CODE = YES;
				CLANG_WARN__DUPLICATE_METHOD_MATCH = YES;
				COPY_PHASE_STRIP = NO;
				DEBUG_INFORMATION_FORMAT = "dwarf-with-dsym";
				ENABLE_NS_ASSERTIONS = NO;
				ENABLE_STRICT_OBJC_MSGSEND = YES;
				GCC_C_LANGUAGE_STANDARD = gnu11;
				GCC_NO_COMMON_BLOCKS = YES;
				GCC_WARN_64_TO_32_BIT_CONVERSION = YES;
				GCC_WARN_ABOUT_RETURN_TYPE = YES_ERROR;
				GCC_WARN_UNDECLARED_SELECTOR = YES;
				GCC_WARN_UNINITIALIZED_AUTOS = YES_AGGRESSIVE;
				GCC_WARN_UNUSED_FUNCTION = YES;
				GCC_WARN_UNUSED_VARIABLE = YES;
				IPHONEOS_DEPLOYMENT_TARGET = 14.5;
				MTL_ENABLE_DEBUG_INFO = NO;
				MTL_FAST_MATH = YES;
				SDKROOT = iphoneos;
				SWIFT_COMPILATION_MODE = wholemodule;
				SWIFT_OPTIMIZATION_LEVEL = "-O";
				VALIDATE_PRODUCT = YES;
			};
			name = Release;
		};
		B66922D0270C47F700FB3FA4 /* Debug */ = {
			isa = XCBuildConfiguration;
			buildSettings = {
				ASSETCATALOG_COMPILER_APPICON_NAME = AppIcon;
				ASSETCATALOG_COMPILER_GLOBAL_ACCENT_COLOR_NAME = AccentColor;
				CODE_SIGN_STYLE = Automatic;
				DEVELOPMENT_ASSET_PATHS = "\"TechImage/Preview Content\"";
				DEVELOPMENT_TEAM = 5GWH68FSCH;
				ENABLE_PREVIEWS = YES;
				INFOPLIST_FILE = TechImage/Info.plist;
				IPHONEOS_DEPLOYMENT_TARGET = 14.0;
				LD_RUNPATH_SEARCH_PATHS = (
					"$(inherited)",
					"@executable_path/Frameworks",
				);
				PRODUCT_BUNDLE_IDENTIFIER = "responsibility1129.Swift-Beginners.TechImage";
				PRODUCT_NAME = "$(TARGET_NAME)";
				SWIFT_VERSION = 5.0;
				TARGETED_DEVICE_FAMILY = "1,2";
			};
			name = Debug;
		};
		B66922D1270C47F700FB3FA4 /* Release */ = {
			isa = XCBuildConfiguration;
			buildSettings = {
				ASSETCATALOG_COMPILER_APPICON_NAME = AppIcon;
				ASSETCATALOG_COMPILER_GLOBAL_ACCENT_COLOR_NAME = AccentColor;
				CODE_SIGN_STYLE = Automatic;
				DEVELOPMENT_ASSET_PATHS = "\"TechImage/Preview Content\"";
				DEVELOPMENT_TEAM = 5GWH68FSCH;
				ENABLE_PREVIEWS = YES;
				INFOPLIST_FILE = TechImage/Info.plist;
				IPHONEOS_DEPLOYMENT_TARGET = 14.0;
				LD_RUNPATH_SEARCH_PATHS = (
					"$(inherited)",
					"@executable_path/Frameworks",
				);
				PRODUCT_BUNDLE_IDENTIFIER = "responsibility1129.Swift-Beginners.TechImage";
				PRODUCT_NAME = "$(TARGET_NAME)";
				SWIFT_VERSION = 5.0;
				TARGETED_DEVICE_FAMILY = "1,2";
			};
			name = Release;
		};
/* End XCBuildConfiguration section */

/* Begin XCConfigurationList section */
		B66922BB270C47F600FB3FA4 /* Build configuration list for PBXProject "TechImage" */ = {
			isa = XCConfigurationList;
			buildConfigurations = (
				B66922CD270C47F700FB3FA4 /* Debug */,
				B66922CE270C47F700FB3FA4 /* Release */,
			);
			defaultConfigurationIsVisible = 0;
			defaultConfigurationName = Release;
		};
		B66922CF270C47F700FB3FA4 /* Build configuration list for PBXNativeTarget "TechImage" */ = {
			isa = XCConfigurationList;
			buildConfigurations = (
				B66922D0270C47F700FB3FA4 /* Debug */,
				B66922D1270C47F700FB3FA4 /* Release */,
			);
			defaultConfigurationIsVisible = 0;
			defaultConfigurationName = Release;
		};
/* End XCConfigurationList section */
	};
	rootObject = B66922B8270C47F600FB3FA4 /* Project object */;
}
